
Microsoft Visual Studio Solution File, Format Version 12.00
# Visual Studio Version 17
VisualStudioVersion = 17.5.33627.172
MinimumVisualStudioVersion = 10.0.40219.1
Project("{FAE04EC0-301F-11D3-BF4B-00C04F79EFBC}") = "Blockerc", "Blockerc\Blockerc.csproj", "{4C8FBAEF-D150-42F0-953F-15B615E34179}"
EndProject
Global
	GlobalSection(SolutionConfigurationPlatforms) = preSolution
		Debug|Any CPU = Debug|Any CPU
		Release|Any CPU = Release|Any CPU
	EndGlobalSection
	GlobalSection(ProjectConfigurationPlatforms) = postSolution
		{4C8FBAEF-D150-42F0-953F-15B615E34179}.Debug|Any CPU.ActiveCfg = Debug|Any CPU
		{4C8FBAEF-D150-42F0-953F-15B615E34179}.Debug|Any CPU.Build.0 = Debug|Any CPU
		{4C8FBAEF-D150-42F0-953F-15B615E34179}.Release|Any CPU.ActiveCfg = Release|Any CPU
		{4C8FBAEF-D150-42F0-953F-15B615E34179}.Release|Any CPU.Build.0 = Release|Any CPU
	EndGlobalSection
	GlobalSection(SolutionProperties) = preSolution
		HideSolutionNode = FALSE
	EndGlobalSection
	GlobalSection(ExtensibilityGlobals) = postSolution
		SolutionGuid = {9D15BE0E-05D8-4064-B322-453F14864584}
	EndGlobalSection
EndGlobal
